// !$*UTF8*$!
{
	archiveVersion = 1;
	classes = {
	};
	objectVersion = 50;
	objects = {

/* Begin PBXBuildFile section */
		25FFD43021B65ABE009ACF5B /* AppDelegate.swift in Sources */ = {isa = PBXBuildFile; fileRef = 25FFD42F21B65ABE009ACF5B /* AppDelegate.swift */; };
		25FFD43221B65ABE009ACF5B /* ViewController.swift in Sources */ = {isa = PBXBuildFile; fileRef = 25FFD43121B65ABE009ACF5B /* ViewController.swift */; };
		25FFD43521B65ABE009ACF5B /* Main.storyboard in Resources */ = {isa = PBXBuildFile; fileRef = 25FFD43321B65ABE009ACF5B /* Main.storyboard */; };
		25FFD43721B65ABF009ACF5B /* Assets.xcassets in Resources */ = {isa = PBXBuildFile; fileRef = 25FFD43621B65ABF009ACF5B /* Assets.xcassets */; };
		25FFD43A21B65ABF009ACF5B /* LaunchScreen.storyboard in Resources */ = {isa = PBXBuildFile; fileRef = 25FFD43821B65ABF009ACF5B /* LaunchScreen.storyboard */; };
		25FFD44221B65D63009ACF5B /* Person.swift in Sources */ = {isa = PBXBuildFile; fileRef = 25FFD44121B65D63009ACF5B /* Person.swift */; };
		25FFD44421B65E2F009ACF5B /* PersonTableViewCell.swift in Sources */ = {isa = PBXBuildFile; fileRef = 25FFD44321B65E2F009ACF5B /* PersonTableViewCell.swift */; };
		25FFD44621B65F45009ACF5B /* PersonViewModel.swift in Sources */ = {isa = PBXBuildFile; fileRef = 25FFD44521B65F45009ACF5B /* PersonViewModel.swift */; };
		25FFD44821B66E41009ACF5B /* Service.swift in Sources */ = {isa = PBXBuildFile; fileRef = 25FFD44721B66E41009ACF5B /* Service.swift */; };
		E0F399E07345F648AF714906 /* libPods-AppMusic1.a in Frameworks */ = {isa = PBXBuildFile; fileRef = C5147D377AB734BE797EE143 /* libPods-AppMusic1.a */; };
/* End PBXBuildFile section */

/* Begin PBXFileReference section */
		25FFD42C21B65ABE009ACF5B /* AppMusic1.app */ = {isa = PBXFileReference; explicitFileType = wrapper.application; includeInIndex = 0; path = AppMusic1.app; sourceTree = BUILT_PRODUCTS_DIR; };
		25FFD42F21B65ABE009ACF5B /* AppDelegate.swift */ = {isa = PBXFileReference; lastKnownFileType = sourcecode.swift; path = AppDelegate.swift; sourceTree = "<group>"; };
		25FFD43121B65ABE009ACF5B /* ViewController.swift */ = {isa = PBXFileReference; lastKnownFileType = sourcecode.swift; path = ViewController.swift; sourceTree = "<group>"; };
		25FFD43421B65ABE009ACF5B /* Base */ = {isa = PBXFileReference; lastKnownFileType = file.storyboard; name = Base; path = Base.lproj/Main.storyboard; sourceTree = "<group>"; };
		25FFD43621B65ABF009ACF5B /* Assets.xcassets */ = {isa = PBXFileReference; lastKnownFileType = folder.assetcatalog; path = Assets.xcassets; sourceTree = "<group>"; };
		25FFD43921B65ABF009ACF5B /* Base */ = {isa = PBXFileReference; lastKnownFileType = file.storyboard; name = Base; path = Base.lproj/LaunchScreen.storyboard; sourceTree = "<group>"; };
		25FFD43B21B65ABF009ACF5B /* Info.plist */ = {isa = PBXFileReference; lastKnownFileType = text.plist.xml; path = Info.plist; sourceTree = "<group>"; };
		25FFD44121B65D63009ACF5B /* Person.swift */ = {isa = PBXFileReference; lastKnownFileType = sourcecode.swift; path = Person.swift; sourceTree = "<group>"; };
		25FFD44321B65E2F009ACF5B /* PersonTableViewCell.swift */ = {isa = PBXFileReference; lastKnownFileType = sourcecode.swift; path = PersonTableViewCell.swift; sourceTree = "<group>"; };
		25FFD44521B65F45009ACF5B /* PersonViewModel.swift */ = {isa = PBXFileReference; lastKnownFileType = sourcecode.swift; path = PersonViewModel.swift; sourceTree = "<group>"; };
		25FFD44721B66E41009ACF5B /* Service.swift */ = {isa = PBXFileReference; lastKnownFileType = sourcecode.swift; path = Service.swift; sourceTree = "<group>"; };
		2F4AB5C9BB19E9E3DBEE3653 /* Pods-AppMusic1.release.xcconfig */ = {isa = PBXFileReference; includeInIndex = 1; lastKnownFileType = text.xcconfig; name = "Pods-AppMusic1.release.xcconfig"; path = "Pods/Target Support Files/Pods-AppMusic1/Pods-AppMusic1.release.xcconfig"; sourceTree = "<group>"; };
		3C99A0E87B387BF6EF162AD3 /* Pods-AppMusic1.debug.xcconfig */ = {isa = PBXFileReference; includeInIndex = 1; lastKnownFileType = text.xcconfig; name = "Pods-AppMusic1.debug.xcconfig"; path = "Pods/Target Support Files/Pods-AppMusic1/Pods-AppMusic1.debug.xcconfig"; sourceTree = "<group>"; };
		C5147D377AB734BE797EE143 /* libPods-AppMusic1.a */ = {isa = PBXFileReference; explicitFileType = archive.ar; includeInIndex = 0; path = "libPods-AppMusic1.a"; sourceTree = BUILT_PRODUCTS_DIR; };
/* End PBXFileReference section */

/* Begin PBXFrameworksBuildPhase section */
		25FFD42921B65ABE009ACF5B /* Frameworks */ = {
			isa = PBXFrameworksBuildPhase;
			buildActionMask = 2147483647;
			files = (
				E0F399E07345F648AF714906 /* libPods-AppMusic1.a in Frameworks */,
			);
			runOnlyForDeploymentPostprocessing = 0;
		};
/* End PBXFrameworksBuildPhase section */

/* Begin PBXGroup section */
		25FFD42321B65ABD009ACF5B = {
			isa = PBXGroup;
			children = (
				25FFD42E21B65ABE009ACF5B /* AppMusic1 */,
				25FFD42D21B65ABE009ACF5B /* Products */,
				2BB4EAE4D9C085357F229BCC /* Pods */,
				3AD7AADCB18A66524EB3A18C /* Frameworks */,
			);
			sourceTree = "<group>";
		};
		25FFD42D21B65ABE009ACF5B /* Products */ = {
			isa = PBXGroup;
			children = (
				25FFD42C21B65ABE009ACF5B /* AppMusic1.app */,
			);
			name = Products;
			sourceTree = "<group>";
		};
		25FFD42E21B65ABE009ACF5B /* AppMusic1 */ = {
			isa = PBXGroup;
			children = (
				25FFD42F21B65ABE009ACF5B /* AppDelegate.swift */,
				25FFD43121B65ABE009ACF5B /* ViewController.swift */,
				25FFD43321B65ABE009ACF5B /* Main.storyboard */,
				25FFD43621B65ABF009ACF5B /* Assets.xcassets */,
				25FFD43821B65ABF009ACF5B /* LaunchScreen.storyboard */,
				25FFD43B21B65ABF009ACF5B /* Info.plist */,
				25FFD44121B65D63009ACF5B /* Person.swift */,
				25FFD44321B65E2F009ACF5B /* PersonTableViewCell.swift */,
				25FFD44521B65F45009ACF5B /* PersonViewModel.swift */,
				25FFD44721B66E41009ACF5B /* Service.swift */,
			);
			path = AppMusic1;
			sourceTree = "<group>";
		};
		2BB4EAE4D9C085357F229BCC /* Pods */ = {
			isa = PBXGroup;
			children = (
				3C99A0E87B387BF6EF162AD3 /* Pods-AppMusic1.debug.xcconfig */,
				2F4AB5C9BB19E9E3DBEE3653 /* Pods-AppMusic1.release.xcconfig */,
			);
			name = Pods;
			sourceTree = "<group>";
		};
		3AD7AADCB18A66524EB3A18C /* Frameworks */ = {
			isa = PBXGroup;
			children = (
				C5147D377AB734BE797EE143 /* libPods-AppMusic1.a */,
			);
			name = Frameworks;
			sourceTree = "<group>";
		};
/* End PBXGroup section */

/* Begin PBXNativeTarget section */
		25FFD42B21B65ABE009ACF5B /* AppMusic1 */ = {
			isa = PBXNativeTarget;
			buildConfigurationList = 25FFD43E21B65ABF009ACF5B /* Build configuration list for PBXNativeTarget "AppMusic1" */;
			buildPhases = (
				8E8FF72749E9431F2BE468A2 /* [CP] Check Pods Manifest.lock */,
				25FFD42821B65ABE009ACF5B /* Sources */,
				25FFD42921B65ABE009ACF5B /* Frameworks */,
				25FFD42A21B65ABE009ACF5B /* Resources */,
			);
			buildRules = (
			);
			dependencies = (
			);
			name = AppMusic1;
			productName = AppMusic1;
			productReference = 25FFD42C21B65ABE009ACF5B /* AppMusic1.app */;
			productType = "com.apple.product-type.application";
		};
/* End PBXNativeTarget section */

/* Begin PBXProject section */
		25FFD42421B65ABD009ACF5B /* Project object */ = {
			isa = PBXProject;
			attributes = {
				LastSwiftUpdateCheck = 0940;
				LastUpgradeCheck = 0940;
				ORGANIZATIONNAME = LTT;
				TargetAttributes = {
					25FFD42B21B65ABE009ACF5B = {
						CreatedOnToolsVersion = 9.4.1;
					};
				};
			};
			buildConfigurationList = 25FFD42721B65ABD009ACF5B /* Build configuration list for PBXProject "AppMusic1" */;
			compatibilityVersion = "Xcode 9.3";
			developmentRegion = en;
			hasScannedForEncodings = 0;
			knownRegions = (
				en,
				Base,
			);
			mainGroup = 25FFD42321B65ABD009ACF5B;
			productRefGroup = 25FFD42D21B65ABE009ACF5B /* Products */;
			projectDirPath = "";
			projectRoot = "";
			targets = (
				25FFD42B21B65ABE009ACF5B /* AppMusic1 */,
			);
		};
/* End PBXProject section */

/* Begin PBXResourcesBuildPhase section */
		25FFD42A21B65ABE009ACF5B /* Resources */ = {
			isa = PBXResourcesBuildPhase;
			buildActionMask = 2147483647;
			files = (
				25FFD43A21B65ABF009ACF5B /* LaunchScreen.storyboard in Resources */,
				25FFD43721B65ABF009ACF5B /* Assets.xcassets in Resources */,
				25FFD43521B65ABE009ACF5B /* Main.storyboard in Resources */,
			);
			runOnlyForDeploymentPostprocessing = 0;
		};
/* End PBXResourcesBuildPhase section */

/* Begin PBXShellScriptBuildPhase section */
		8E8FF72749E9431F2BE468A2 /* [CP] Check Pods Manifest.lock */ = {
			isa = PBXShellScriptBuildPhase;
			buildActionMask = 2147483647;
			files = (
			);
			inputPaths = (
				"${PODS_PODFILE_DIR_PATH}/Podfile.lock",
				"${PODS_ROOT}/Manifest.lock",
			);
			name = "[CP] Check Pods Manifest.lock";
			outputPaths = (
				"$(DERIVED_FILE_DIR)/Pods-AppMusic1-checkManifestLockResult.txt",
			);
			runOnlyForDeploymentPostprocessing = 0;
			shellPath = /bin/sh;
			shellScript = "diff \"${PODS_PODFILE_DIR_PATH}/Podfile.lock\" \"${PODS_ROOT}/Manifest.lock\" > /dev/null\nif [ $? != 0 ] ; then\n    # print error to STDERR\n    echo \"error: The sandbox is not in sync with the Podfile.lock. Run 'pod install' or update your CocoaPods installation.\" >&2\n    exit 1\nfi\n# This output is used by Xcode 'outputs' to avoid re-running this script phase.\necho \"SUCCESS\" > \"${SCRIPT_OUTPUT_FILE_0}\"\n";
			showEnvVarsInLog = 0;
		};
/* End PBXShellScriptBuildPhase section */

/* Begin PBXSourcesBuildPhase section */
		25FFD42821B65ABE009ACF5B /* Sources */ = {
			isa = PBXSourcesBuildPhase;
			buildActionMask = 2147483647;
			files = (
				25FFD44221B65D63009ACF5B /* Person.swift in Sources */,
				25FFD44621B65F45009ACF5B /* PersonViewModel.swift in Sources */,
				25FFD43221B65ABE009ACF5B /* ViewController.swift in Sources */,
				25FFD44421B65E2F009ACF5B /* PersonTableViewCell.swift in Sources */,
				25FFD43021B65ABE009ACF5B /* AppDelegate.swift in Sources */,
				25FFD44821B66E41009ACF5B /* Service.swift in Sources */,
			);
			runOnlyForDeploymentPostprocessing = 0;
		};
/* End PBXSourcesBuildPhase section */

/* Begin PBXVariantGroup section */
		25FFD43321B65ABE009ACF5B /* Main.storyboard */ = {
			isa = PBXVariantGroup;
			children = (
				25FFD43421B65ABE009ACF5B /* Base */,
			);
			name = Main.storyboard;
			sourceTree = "<group>";
		};
		25FFD43821B65ABF009ACF5B /* LaunchScreen.storyboard */ = {
			isa = PBXVariantGroup;
			children = (
				25FFD43921B65ABF009ACF5B /* Base */,
			);
			name = LaunchScreen.storyboard;
			sourceTree = "<group>";
		};
/* End PBXVariantGroup section */

/* Begin XCBuildConfiguration section */
		25FFD43C21B65ABF009ACF5B /* Debug */ = {
			isa = XCBuildConfiguration;
			buildSettings = {
				ALWAYS_SEARCH_USER_PATHS = NO;
				CLANG_ANALYZER_NONNULL = YES;
				CLANG_ANALYZER_NUMBER_OBJECT_CONVERSION = YES_AGGRESSIVE;
				CLANG_CXX_LANGUAGE_STANDARD = "gnu++14";
				CLANG_CXX_LIBRARY = "libc++";
				CLANG_ENABLE_MODULES = YES;
				CLANG_ENABLE_OBJC_ARC = YES;
				CLANG_ENABLE_OBJC_WEAK = YES;
				CLANG_WARN_BLOCK_CAPTURE_AUTORELEASING = YES;
				CLANG_WARN_BOOL_CONVERSION = YES;
				CLANG_WARN_COMMA = YES;
				CLANG_WARN_CONSTANT_CONVERSION = YES;
				CLANG_WARN_DEPRECATED_OBJC_IMPLEMENTATIONS = YES;
				CLANG_WARN_DIRECT_OBJC_ISA_USAGE = YES_ERROR;
				CLANG_WARN_DOCUMENTATION_COMMENTS = YES;
				CLANG_WARN_EMPTY_BODY = YES;
				CLANG_WARN_ENUM_CONVERSION = YES;
				CLANG_WARN_INFINITE_RECURSION = YES;
				CLANG_WARN_INT_CONVERSION = YES;
				CLANG_WARN_NON_LITERAL_NULL_CONVERSION = YES;
				CLANG_WARN_OBJC_IMPLICIT_RETAIN_SELF = YES;
				CLANG_WARN_OBJC_LITERAL_CONVERSION = YES;
				CLANG_WARN_OBJC_ROOT_CLASS = YES_ERROR;
				CLANG_WARN_RANGE_LOOP_ANALYSIS = YES;
				CLANG_WARN_STRICT_PROTOTYPES = YES;
				CLANG_WARN_SUSPICIOUS_MOVE = YES;
				CLANG_WARN_UNGUARDED_AVAILABILITY = YES_AGGRESSIVE;
				CLANG_WARN_UNREACHABLE_CODE = YES;
				CLANG_WARN__DUPLICATE_METHOD_MATCH = YES;
				CODE_SIGN_IDENTITY = "iPhone Developer";
				COPY_PHASE_STRIP = NO;
				DEBUG_INFORMATION_FORMAT = dwarf;
				ENABLE_STRICT_OBJC_MSGSEND = YES;
				ENABLE_TESTABILITY = YES;
				GCC_C_LANGUAGE_STANDARD = gnu11;
				GCC_DYNAMIC_NO_PIC = NO;
				GCC_NO_COMMON_BLOCKS = YES;
				GCC_OPTIMIZATION_LEVEL = 0;
				GCC_PREPROCESSOR_DEFINITIONS = (
					"DEBUG=1",
					"$(inherited)",
				);
				GCC_WARN_64_TO_32_BIT_CONVERSION = YES;
				GCC_WARN_ABOUT_RETURN_TYPE = YES_ERROR;
				GCC_WARN_UNDECLARED_SELECTOR = YES;
				GCC_WARN_UNINITIALIZED_AUTOS = YES_AGGRESSIVE;
				GCC_WARN_UNUSED_FUNCTION = YES;
				GCC_WARN_UNUSED_VARIABLE = YES;
				IPHONEOS_DEPLOYMENT_TARGET = 11.4;
				MTL_ENABLE_DEBUG_INFO = YES;
				ONLY_ACTIVE_ARCH = YES;
				SDKROOT = iphoneos;
				SWIFT_ACTIVE_COMPILATION_CONDITIONS = DEBUG;
				SWIFT_OPTIMIZATION_LEVEL = "-Onone";
			};
			name = Debug;
		};
		25FFD43D21B65ABF009ACF5B /* Release */ = {
			isa = XCBuildConfiguration;
			buildSettings = {
				ALWAYS_SEARCH_USER_PATHS = NO;
				CLANG_ANALYZER_NONNULL = YES;
				CLANG_ANALYZER_NUMBER_OBJECT_CONVERSION = YES_AGGRESSIVE;
				CLANG_CXX_LANGUAGE_STANDARD = "gnu++14";
				CLANG_CXX_LIBRARY = "libc++";
				CLANG_ENABLE_MODULES = YES;
				CLANG_ENABLE_OBJC_ARC = YES;
				CLANG_ENABLE_OBJC_WEAK = YES;
				CLANG_WARN_BLOCK_CAPTURE_AUTORELEASING = YES;
				CLANG_WARN_BOOL_CONVERSION = YES;
				CLANG_WARN_COMMA = YES;
				CLANG_WARN_CONSTANT_CONVERSION = YES;
				CLANG_WARN_DEPRECATED_OBJC_IMPLEMENTATIONS = YES;
				CLANG_WARN_DIRECT_OBJC_ISA_USAGE = YES_ERROR;
				CLANG_WARN_DOCUMENTATION_COMMENTS = YES;
				CLANG_WARN_EMPTY_BODY = YES;
				CLANG_WARN_ENUM_CONVERSION = YES;
				CLANG_WARN_INFINITE_RECURSION = YES;
				CLANG_WARN_INT_CONVERSION = YES;
				CLANG_WARN_NON_LITERAL_NULL_CONVERSION = YES;
				CLANG_WARN_OBJC_IMPLICIT_RETAIN_SELF = YES;
				CLANG_WARN_OBJC_LITERAL_CONVERSION = YES;
				CLANG_WARN_OBJC_ROOT_CLASS = YES_ERROR;
				CLANG_WARN_RANGE_LOOP_ANALYSIS = YES;
				CLANG_WARN_STRICT_PROTOTYPES = YES;
				CLANG_WARN_SUSPICIOUS_MOVE = YES;
				CLANG_WARN_UNGUARDED_AVAILABILITY = YES_AGGRESSIVE;
				CLANG_WARN_UNREACHABLE_CODE = YES;
				CLANG_WARN__DUPLICATE_METHOD_MATCH = YES;
				CODE_SIGN_IDENTITY = "iPhone Developer";
				COPY_PHASE_STRIP = NO;
				DEBUG_INFORMATION_FORMAT = "dwarf-with-dsym";
				ENABLE_NS_ASSERTIONS = NO;
				ENABLE_STRICT_OBJC_MSGSEND = YES;
				GCC_C_LANGUAGE_STANDARD = gnu11;
				GCC_NO_COMMON_BLOCKS = YES;
				GCC_WARN_64_TO_32_BIT_CONVERSION = YES;
				GCC_WARN_ABOUT_RETURN_TYPE = YES_ERROR;
				GCC_WARN_UNDECLARED_SELECTOR = YES;
				GCC_WARN_UNINITIALIZED_AUTOS = YES_AGGRESSIVE;
				GCC_WARN_UNUSED_FUNCTION = YES;
				GCC_WARN_UNUSED_VARIABLE = YES;
				IPHONEOS_DEPLOYMENT_TARGET = 11.4;
				MTL_ENABLE_DEBUG_INFO = NO;
				SDKROOT = iphoneos;
				SWIFT_COMPILATION_MODE = wholemodule;
				SWIFT_OPTIMIZATION_LEVEL = "-O";
				VALIDATE_PRODUCT = YES;
			};
			name = Release;
		};
		25FFD43F21B65ABF009ACF5B /* Debug */ = {
			isa = XCBuildConfiguration;
			baseConfigurationReference = 3C99A0E87B387BF6EF162AD3 /* Pods-AppMusic1.debug.xcconfig */;
			buildSettings = {
				ASSETCATALOG_COMPILER_APPICON_NAME = AppIcon;
				CODE_SIGN_STYLE = Automatic;
				INFOPLIST_FILE = AppMusic1/Info.plist;
				LD_RUNPATH_SEARCH_PATHS = (
					"$(inherited)",
					"@executable_path/Frameworks",
				);
				PRODUCT_BUNDLE_IDENTIFIER = com.LTT.AppMusic1;
				PRODUCT_NAME = "$(TARGET_NAME)";
				SWIFT_VERSION = 4.0;
				TARGETED_DEVICE_FAMILY = "1,2";
			};
			name = Debug;
		};
		25FFD44021B65ABF009ACF5B /* Release */ = {
			isa = XCBuildConfiguration;
			baseConfigurationReference = 2F4AB5C9BB19E9E3DBEE3653 /* Pods-AppMusic1.release.xcconfig */;
			buildSettings = {
				ASSETCATALOG_COMPILER_APPICON_NAME = AppIcon;
				CODE_SIGN_STYLE = Automatic;
				INFOPLIST_FILE = AppMusic1/Info.plist;
				LD_RUNPATH_SEARCH_PATHS = (
					"$(inherited)",
					"@executable_path/Frameworks",
				);
				PRODUCT_BUNDLE_IDENTIFIER = com.LTT.AppMusic1;
				PRODUCT_NAME = "$(TARGET_NAME)";
				SWIFT_VERSION = 4.0;
				TARGETED_DEVICE_FAMILY = "1,2";
			};
			name = Release;
		};
/* End XCBuildConfiguration section */

/* Begin XCConfigurationList section */
		25FFD42721B65ABD009ACF5B /* Build configuration list for PBXProject "AppMusic1" */ = {
			isa = XCConfigurationList;
			buildConfigurations = (
				25FFD43C21B65ABF009ACF5B /* Debug */,
				25FFD43D21B65ABF009ACF5B /* Release */,
			);
			defaultConfigurationIsVisible = 0;
			defaultConfigurationName = Release;
		};
		25FFD43E21B65ABF009ACF5B /* Build configuration list for PBXNativeTarget "AppMusic1" */ = {
			isa = XCConfigurationList;
			buildConfigurations = (
				25FFD43F21B65ABF009ACF5B /* Debug */,
				25FFD44021B65ABF009ACF5B /* Release */,
			);
			defaultConfigurationIsVisible = 0;
			defaultConfigurationName = Release;
		};
/* End XCConfigurationList section */
	};
	rootObject = 25FFD42421B65ABD009ACF5B /* Project object */;
}
